
Microsoft Visual Studio Solution File, Format Version 12.00
# Visual Studio Version 17
VisualStudioVersion = 17.10.35027.167
MinimumVisualStudioVersion = 10.0.40219.1
Project("{9A19103F-16F7-4668-BE54-9A1E7A4F7556}") = "Task1", "Task1\Task1.csproj", "{92A1572C-361A-4207-8B72-842BA1BA9F25}"
EndProject
Project("{2150E333-8FDC-42A3-9474-1A3956D46DE8}") = "Task3.PhoneBook", "Task3.PhoneBook", "{097D2596-3274-48B5-ACCD-73A05068C6B4}"
EndProject
Project("{FAE04EC0-301F-11D3-BF4B-00C04F79EFBC}") = "Task3.PhoneBook", "Task3.PhoneBook\Task3.PhoneBook.csproj", "{3AB331EC-23CC-4DF3-A7D7-92369C9E88AD}"
EndProject
Global
	GlobalSection(SolutionConfigurationPlatforms) = preSolution
		Debug|Any CPU = Debug|Any CPU
		Release|Any CPU = Release|Any CPU
	EndGlobalSection
	GlobalSection(ProjectConfigurationPlatforms) = postSolution
		{92A1572C-361A-4207-8B72-842BA1BA9F25}.Debug|Any CPU.ActiveCfg = Debug|Any CPU
		{92A1572C-361A-4207-8B72-842BA1BA9F25}.Debug|Any CPU.Build.0 = Debug|Any CPU
		{92A1572C-361A-4207-8B72-842BA1BA9F25}.Release|Any CPU.ActiveCfg = Release|Any CPU
		{92A1572C-361A-4207-8B72-842BA1BA9F25}.Release|Any CPU.Build.0 = Release|Any CPU
		{3AB331EC-23CC-4DF3-A7D7-92369C9E88AD}.Debug|Any CPU.ActiveCfg = Debug|Any CPU
		{3AB331EC-23CC-4DF3-A7D7-92369C9E88AD}.Debug|Any CPU.Build.0 = Debug|Any CPU
		{3AB331EC-23CC-4DF3-A7D7-92369C9E88AD}.Release|Any CPU.ActiveCfg = Release|Any CPU
		{3AB331EC-23CC-4DF3-A7D7-92369C9E88AD}.Release|Any CPU.Build.0 = Release|Any CPU
	EndGlobalSection
	GlobalSection(SolutionProperties) = preSolution
		HideSolutionNode = FALSE
	EndGlobalSection
	GlobalSection(NestedProjects) = preSolution
		{3AB331EC-23CC-4DF3-A7D7-92369C9E88AD} = {097D2596-3274-48B5-ACCD-73A05068C6B4}
	EndGlobalSection
	GlobalSection(ExtensibilityGlobals) = postSolution
		SolutionGuid = {0C40E4BB-4AC2-46E5-BB7D-91A746800A79}
	EndGlobalSection
EndGlobal
